
Microsoft Visual Studio Solution File, Format Version 12.00
# Visual Studio Version 17
VisualStudioVersion = 17.7.34031.279
MinimumVisualStudioVersion = 10.0.40219.1
Project("{FAE04EC0-301F-11D3-BF4B-00C04F79EFBC}") = "TsingtaoAdventureGame", "TsingtaoAdventureGame.csproj", "{1C48D9B0-C513-49BF-B0A7-619D417F4391}"
EndProject
Global
	GlobalSection(SolutionConfigurationPlatforms) = preSolution
		Debug|Any CPU = Debug|Any CPU
		Release|Any CPU = Release|Any CPU
	EndGlobalSection
	GlobalSection(ProjectConfigurationPlatforms) = postSolution
		{1C48D9B0-C513-49BF-B0A7-619D417F4391}.Debug|Any CPU.ActiveCfg = Debug|Any CPU
		{1C48D9B0-C513-49BF-B0A7-619D417F4391}.Debug|Any CPU.Build.0 = Debug|Any CPU
		{1C48D9B0-C513-49BF-B0A7-619D417F4391}.Release|Any CPU.ActiveCfg = Release|Any CPU
		{1C48D9B0-C513-49BF-B0A7-619D417F4391}.Release|Any CPU.Build.0 = Release|Any CPU
	EndGlobalSection
	GlobalSection(SolutionProperties) = preSolution
		HideSolutionNode = FALSE
	EndGlobalSection
	GlobalSection(ExtensibilityGlobals) = postSolution
		SolutionGuid = {CAE16BD3-AE48-4C31-B4C7-67DA137DF485}
	EndGlobalSection
EndGlobal
